// !$*UTF8*$!
{
	archiveVersion = 1;
	classes = {
	};
	objectVersion = 51;
	objects = {

/* Begin PBXBuildFile section */
		182596B927D8B12A00DFCD2A /* FoodTableRepositoryImpr.swift in Sources */ = {isa = PBXBuildFile; fileRef = 182596B827D8B12A00DFCD2A /* FoodTableRepositoryImpr.swift */; };
		184788E227DB4DC500E406F0 /* CustomTableViewCell.swift in Sources */ = {isa = PBXBuildFile; fileRef = 184788E027DB4DC500E406F0 /* CustomTableViewCell.swift */; };
		184788E327DB4DC500E406F0 /* CustomTableViewCell.xib in Resources */ = {isa = PBXBuildFile; fileRef = 184788E127DB4DC500E406F0 /* CustomTableViewCell.xib */; };
		1889C31A280F6D9A00BEFD6D /* FoodCompositionTableUseCase.swift in Sources */ = {isa = PBXBuildFile; fileRef = 1889C319280F6D9A00BEFD6D /* FoodCompositionTableUseCase.swift */; };
		1889C31D280FFED900BEFD6D /* SelectFoodObject.swift in Sources */ = {isa = PBXBuildFile; fileRef = 1889C31C280FFED900BEFD6D /* SelectFoodObject.swift */; };
		1889C35F281368D700BEFD6D /* ResultViewController.swift in Sources */ = {isa = PBXBuildFile; fileRef = 1889C35D281368D600BEFD6D /* ResultViewController.swift */; };
		1889C360281368D700BEFD6D /* ResultViewController.xib in Resources */ = {isa = PBXBuildFile; fileRef = 1889C35E281368D700BEFD6D /* ResultViewController.xib */; };
		18B1FE6D27CC9E61001124FF /* initial.realm in Resources */ = {isa = PBXBuildFile; fileRef = 18B1FE6B27CC9E60001124FF /* initial.realm */; };
		18B1FE6E27CC9E61001124FF /* FoodTableModel.swift in Sources */ = {isa = PBXBuildFile; fileRef = 18B1FE6C27CC9E61001124FF /* FoodTableModel.swift */; };
		18B389F627C91687009AAB65 /* MainViewController.swift in Sources */ = {isa = PBXBuildFile; fileRef = 18B389F527C91687009AAB65 /* MainViewController.swift */; };
		18B60481280CEBD900DA4A79 /* FoodCompositionTablesTests.swift in Sources */ = {isa = PBXBuildFile; fileRef = 18B60480280CEBD900DA4A79 /* FoodCompositionTablesTests.swift */; };
		18B60488280CECC400DA4A79 /* Test.swift in Sources */ = {isa = PBXBuildFile; fileRef = 18B60487280CECC400DA4A79 /* Test.swift */; };
		18C04A1327FDE88800164DD8 /* SelectFoodsTableUseCase.swift in Sources */ = {isa = PBXBuildFile; fileRef = 18C04A1227FDE88800164DD8 /* SelectFoodsTableUseCase.swift */; };
		18C04A1D2801C5ED00164DD8 /* FoodCompositionViewController.swift in Sources */ = {isa = PBXBuildFile; fileRef = 18C04A1C2801C5ED00164DD8 /* FoodCompositionViewController.swift */; };
		18C04A1F2801C76B00164DD8 /* FoodObject.swift in Sources */ = {isa = PBXBuildFile; fileRef = 18C04A1E2801C76B00164DD8 /* FoodObject.swift */; };
		43B4B324FC5857D4743EE0A7 /* Pods_FoodCompositionTables.framework in Frameworks */ = {isa = PBXBuildFile; fileRef = F35C5B9858914206C923B301 /* Pods_FoodCompositionTables.framework */; };
		8A5D0679279F4876002D2276 /* AppDelegate.swift in Sources */ = {isa = PBXBuildFile; fileRef = 8A5D0678279F4876002D2276 /* AppDelegate.swift */; };
		8A5D067B279F4876002D2276 /* SceneDelegate.swift in Sources */ = {isa = PBXBuildFile; fileRef = 8A5D067A279F4876002D2276 /* SceneDelegate.swift */; };
		8A5D067D279F4876002D2276 /* FoodListViewController.swift in Sources */ = {isa = PBXBuildFile; fileRef = 8A5D067C279F4876002D2276 /* FoodListViewController.swift */; };
		8A5D0680279F4876002D2276 /* Main.storyboard in Resources */ = {isa = PBXBuildFile; fileRef = 8A5D067E279F4876002D2276 /* Main.storyboard */; };
		8A5D0682279F4881002D2276 /* Assets.xcassets in Resources */ = {isa = PBXBuildFile; fileRef = 8A5D0681279F4881002D2276 /* Assets.xcassets */; };
		8A5D0685279F4881002D2276 /* LaunchScreen.storyboard in Resources */ = {isa = PBXBuildFile; fileRef = 8A5D0683279F4881002D2276 /* LaunchScreen.storyboard */; };
/* End PBXBuildFile section */

/* Begin PBXContainerItemProxy section */
		18B60482280CEBD900DA4A79 /* PBXContainerItemProxy */ = {
			isa = PBXContainerItemProxy;
			containerPortal = 8A5D066D279F4876002D2276 /* Project object */;
			proxyType = 1;
			remoteGlobalIDString = 8A5D0674279F4876002D2276;
			remoteInfo = FoodCompositionTables;
		};
/* End PBXContainerItemProxy section */

/* Begin PBXFileReference section */
		024238A1577524AC5AFA1B4D /* Pods-FoodCompositionTables.release.xcconfig */ = {isa = PBXFileReference; includeInIndex = 1; lastKnownFileType = text.xcconfig; name = "Pods-FoodCompositionTables.release.xcconfig"; path = "Target Support Files/Pods-FoodCompositionTables/Pods-FoodCompositionTables.release.xcconfig"; sourceTree = "<group>"; };
		182596B827D8B12A00DFCD2A /* FoodTableRepositoryImpr.swift */ = {isa = PBXFileReference; lastKnownFileType = sourcecode.swift; path = FoodTableRepositoryImpr.swift; sourceTree = "<group>"; };
		184788E027DB4DC500E406F0 /* CustomTableViewCell.swift */ = {isa = PBXFileReference; lastKnownFileType = sourcecode.swift; path = CustomTableViewCell.swift; sourceTree = "<group>"; };
		184788E127DB4DC500E406F0 /* CustomTableViewCell.xib */ = {isa = PBXFileReference; lastKnownFileType = file.xib; path = CustomTableViewCell.xib; sourceTree = "<group>"; };
		1889C319280F6D9A00BEFD6D /* FoodCompositionTableUseCase.swift */ = {isa = PBXFileReference; lastKnownFileType = sourcecode.swift; path = FoodCompositionTableUseCase.swift; sourceTree = "<group>"; };
		1889C31C280FFED900BEFD6D /* SelectFoodObject.swift */ = {isa = PBXFileReference; lastKnownFileType = sourcecode.swift; path = SelectFoodObject.swift; sourceTree = "<group>"; };
		1889C35D281368D600BEFD6D /* ResultViewController.swift */ = {isa = PBXFileReference; lastKnownFileType = sourcecode.swift; path = ResultViewController.swift; sourceTree = "<group>"; };
		1889C35E281368D700BEFD6D /* ResultViewController.xib */ = {isa = PBXFileReference; lastKnownFileType = file.xib; path = ResultViewController.xib; sourceTree = "<group>"; };
		18B1FE6B27CC9E60001124FF /* initial.realm */ = {isa = PBXFileReference; lastKnownFileType = file; path = initial.realm; sourceTree = "<group>"; };
		18B1FE6C27CC9E61001124FF /* FoodTableModel.swift */ = {isa = PBXFileReference; fileEncoding = 4; lastKnownFileType = sourcecode.swift; path = FoodTableModel.swift; sourceTree = "<group>"; };
		18B389F527C91687009AAB65 /* MainViewController.swift */ = {isa = PBXFileReference; lastKnownFileType = sourcecode.swift; path = MainViewController.swift; sourceTree = "<group>"; };
		18B60476280CEB7500DA4A79 /* XCTest.framework */ = {isa = PBXFileReference; lastKnownFileType = wrapper.framework; name = XCTest.framework; path = Platforms/iPhoneOS.platform/Developer/Library/Frameworks/XCTest.framework; sourceTree = DEVELOPER_DIR; };
		18B6047E280CEBD900DA4A79 /* FoodCompositionTablesTests.xctest */ = {isa = PBXFileReference; explicitFileType = wrapper.cfbundle; includeInIndex = 0; path = FoodCompositionTablesTests.xctest; sourceTree = BUILT_PRODUCTS_DIR; };
		18B60480280CEBD900DA4A79 /* FoodCompositionTablesTests.swift */ = {isa = PBXFileReference; lastKnownFileType = sourcecode.swift; path = FoodCompositionTablesTests.swift; sourceTree = "<group>"; };
		18B60487280CECC400DA4A79 /* Test.swift */ = {isa = PBXFileReference; lastKnownFileType = sourcecode.swift; path = Test.swift; sourceTree = "<group>"; };
		18C04A1227FDE88800164DD8 /* SelectFoodsTableUseCase.swift */ = {isa = PBXFileReference; lastKnownFileType = sourcecode.swift; path = SelectFoodsTableUseCase.swift; sourceTree = "<group>"; };
		18C04A1C2801C5ED00164DD8 /* FoodCompositionViewController.swift */ = {isa = PBXFileReference; lastKnownFileType = sourcecode.swift; path = FoodCompositionViewController.swift; sourceTree = "<group>"; };
		18C04A1E2801C76B00164DD8 /* FoodObject.swift */ = {isa = PBXFileReference; lastKnownFileType = sourcecode.swift; path = FoodObject.swift; sourceTree = "<group>"; };
		8A5D0675279F4876002D2276 /* FoodCompositionTables.app */ = {isa = PBXFileReference; explicitFileType = wrapper.application; includeInIndex = 0; path = FoodCompositionTables.app; sourceTree = BUILT_PRODUCTS_DIR; };
		8A5D0678279F4876002D2276 /* AppDelegate.swift */ = {isa = PBXFileReference; lastKnownFileType = sourcecode.swift; path = AppDelegate.swift; sourceTree = "<group>"; };
		8A5D067A279F4876002D2276 /* SceneDelegate.swift */ = {isa = PBXFileReference; lastKnownFileType = sourcecode.swift; path = SceneDelegate.swift; sourceTree = "<group>"; };
		8A5D067C279F4876002D2276 /* FoodListViewController.swift */ = {isa = PBXFileReference; lastKnownFileType = sourcecode.swift; path = FoodListViewController.swift; sourceTree = "<group>"; };
		8A5D067F279F4876002D2276 /* Base */ = {isa = PBXFileReference; lastKnownFileType = file.storyboard; name = Base; path = Base.lproj/Main.storyboard; sourceTree = "<group>"; };
		8A5D0681279F4881002D2276 /* Assets.xcassets */ = {isa = PBXFileReference; lastKnownFileType = folder.assetcatalog; path = Assets.xcassets; sourceTree = "<group>"; };
		8A5D0684279F4881002D2276 /* Base */ = {isa = PBXFileReference; lastKnownFileType = file.storyboard; name = Base; path = Base.lproj/LaunchScreen.storyboard; sourceTree = "<group>"; };
		8A5D0686279F4881002D2276 /* Info.plist */ = {isa = PBXFileReference; lastKnownFileType = text.plist.xml; path = Info.plist; sourceTree = "<group>"; };
		D94B4E24F0D5BFBF33B485BC /* Pods-FoodCompositionTables.debug.xcconfig */ = {isa = PBXFileReference; includeInIndex = 1; lastKnownFileType = text.xcconfig; name = "Pods-FoodCompositionTables.debug.xcconfig"; path = "Target Support Files/Pods-FoodCompositionTables/Pods-FoodCompositionTables.debug.xcconfig"; sourceTree = "<group>"; };
		F35C5B9858914206C923B301 /* Pods_FoodCompositionTables.framework */ = {isa = PBXFileReference; explicitFileType = wrapper.framework; includeInIndex = 0; path = Pods_FoodCompositionTables.framework; sourceTree = BUILT_PRODUCTS_DIR; };
/* End PBXFileReference section */

/* Begin PBXFrameworksBuildPhase section */
		18B6047B280CEBD900DA4A79 /* Frameworks */ = {
			isa = PBXFrameworksBuildPhase;
			buildActionMask = 2147483647;
			files = (
			);
			runOnlyForDeploymentPostprocessing = 0;
		};
		8A5D0672279F4876002D2276 /* Frameworks */ = {
			isa = PBXFrameworksBuildPhase;
			buildActionMask = 2147483647;
			files = (
				43B4B324FC5857D4743EE0A7 /* Pods_FoodCompositionTables.framework in Frameworks */,
			);
			runOnlyForDeploymentPostprocessing = 0;
		};
/* End PBXFrameworksBuildPhase section */

/* Begin PBXGroup section */
		184788DD27DB4D1500E406F0 /* View */ = {
			isa = PBXGroup;
			children = (
				184788E027DB4DC500E406F0 /* CustomTableViewCell.swift */,
				184788E127DB4DC500E406F0 /* CustomTableViewCell.xib */,
				1889C35D281368D600BEFD6D /* ResultViewController.swift */,
				1889C35E281368D700BEFD6D /* ResultViewController.xib */,
			);
			path = View;
			sourceTree = "<group>";
		};
		184788DE27DB4D1F00E406F0 /* ViewController */ = {
			isa = PBXGroup;
			children = (
				18B389F527C91687009AAB65 /* MainViewController.swift */,
				8A5D067C279F4876002D2276 /* FoodListViewController.swift */,
				18C04A1C2801C5ED00164DD8 /* FoodCompositionViewController.swift */,
			);
			path = ViewController;
			sourceTree = "<group>";
		};
		184788DF27DB4D2E00E406F0 /* Model */ = {
			isa = PBXGroup;
			children = (
				1889C31E280FFF2700BEFD6D /* UseCase */,
				18C04A1127FDE85C00164DD8 /* Domain */,
				18B1FE6F27CC9E68001124FF /* Data */,
			);
			path = Model;
			sourceTree = "<group>";
		};
		1889C31E280FFF2700BEFD6D /* UseCase */ = {
			isa = PBXGroup;
			children = (
				18C04A1227FDE88800164DD8 /* SelectFoodsTableUseCase.swift */,
				1889C319280F6D9A00BEFD6D /* FoodCompositionTableUseCase.swift */,
			);
			path = UseCase;
			sourceTree = "<group>";
		};
		18B1FE6F27CC9E68001124FF /* Data */ = {
			isa = PBXGroup;
			children = (
				18B1FE6B27CC9E60001124FF /* initial.realm */,
				182596B827D8B12A00DFCD2A /* FoodTableRepositoryImpr.swift */,
				18B1FE6C27CC9E61001124FF /* FoodTableModel.swift */,
			);
			path = Data;
			sourceTree = "<group>";
		};
		18B6047F280CEBD900DA4A79 /* FoodCompositionTablesTests */ = {
			isa = PBXGroup;
			children = (
				18B60480280CEBD900DA4A79 /* FoodCompositionTablesTests.swift */,
			);
			path = FoodCompositionTablesTests;
			sourceTree = "<group>";
		};
		18C04A1127FDE85C00164DD8 /* Domain */ = {
			isa = PBXGroup;
			children = (
				1889C31C280FFED900BEFD6D /* SelectFoodObject.swift */,
				18C04A1E2801C76B00164DD8 /* FoodObject.swift */,
			);
			path = Domain;
			sourceTree = "<group>";
		};
		5ED5D8C73B5BD99A5CB4FD69 /* Frameworks */ = {
			isa = PBXGroup;
			children = (
				18B60476280CEB7500DA4A79 /* XCTest.framework */,
				F35C5B9858914206C923B301 /* Pods_FoodCompositionTables.framework */,
			);
			name = Frameworks;
			sourceTree = "<group>";
		};
		8A5D066C279F4876002D2276 = {
			isa = PBXGroup;
			children = (
				8A5D0677279F4876002D2276 /* FoodCompositRealmSample */,
				18B6047F280CEBD900DA4A79 /* FoodCompositionTablesTests */,
				8A5D0676279F4876002D2276 /* Products */,
				B97A1FE91F25B963566031E3 /* Pods */,
				5ED5D8C73B5BD99A5CB4FD69 /* Frameworks */,
			);
			sourceTree = "<group>";
		};
		8A5D0676279F4876002D2276 /* Products */ = {
			isa = PBXGroup;
			children = (
				8A5D0675279F4876002D2276 /* FoodCompositionTables.app */,
				18B6047E280CEBD900DA4A79 /* FoodCompositionTablesTests.xctest */,
			);
			name = Products;
			sourceTree = "<group>";
		};
		8A5D0677279F4876002D2276 /* FoodCompositRealmSample */ = {
			isa = PBXGroup;
			children = (
				184788DD27DB4D1500E406F0 /* View */,
				184788DE27DB4D1F00E406F0 /* ViewController */,
				184788DF27DB4D2E00E406F0 /* Model */,
				8A5D0678279F4876002D2276 /* AppDelegate.swift */,
				8A5D067A279F4876002D2276 /* SceneDelegate.swift */,
				8A5D067E279F4876002D2276 /* Main.storyboard */,
				8A5D0681279F4881002D2276 /* Assets.xcassets */,
				8A5D0683279F4881002D2276 /* LaunchScreen.storyboard */,
				8A5D0686279F4881002D2276 /* Info.plist */,
				18B60487280CECC400DA4A79 /* Test.swift */,
			);
			path = FoodCompositRealmSample;
			sourceTree = "<group>";
		};
		B97A1FE91F25B963566031E3 /* Pods */ = {
			isa = PBXGroup;
			children = (
				D94B4E24F0D5BFBF33B485BC /* Pods-FoodCompositionTables.debug.xcconfig */,
				024238A1577524AC5AFA1B4D /* Pods-FoodCompositionTables.release.xcconfig */,
			);
			path = Pods;
			sourceTree = "<group>";
		};
/* End PBXGroup section */

/* Begin PBXNativeTarget section */
		18B6047D280CEBD900DA4A79 /* FoodCompositionTablesTests */ = {
			isa = PBXNativeTarget;
			buildConfigurationList = 18B60486280CEBD900DA4A79 /* Build configuration list for PBXNativeTarget "FoodCompositionTablesTests" */;
			buildPhases = (
				18B6047A280CEBD900DA4A79 /* Sources */,
				18B6047B280CEBD900DA4A79 /* Frameworks */,
				18B6047C280CEBD900DA4A79 /* Resources */,
			);
			buildRules = (
			);
			dependencies = (
				18B60483280CEBD900DA4A79 /* PBXTargetDependency */,
			);
			name = FoodCompositionTablesTests;
			productName = FoodCompositionTablesTests;
			productReference = 18B6047E280CEBD900DA4A79 /* FoodCompositionTablesTests.xctest */;
			productType = "com.apple.product-type.bundle.unit-test";
		};
		8A5D0674279F4876002D2276 /* FoodCompositionTables */ = {
			isa = PBXNativeTarget;
			buildConfigurationList = 8A5D0689279F4881002D2276 /* Build configuration list for PBXNativeTarget "FoodCompositionTables" */;
			buildPhases = (
				97C1E5A3D415A25531ED4403 /* [CP] Check Pods Manifest.lock */,
				8A5D0671279F4876002D2276 /* Sources */,
				8A5D0672279F4876002D2276 /* Frameworks */,
				8A5D0673279F4876002D2276 /* Resources */,
				B66FBD3BC85F78BAE100A3A8 /* [CP] Embed Pods Frameworks */,
			);
			buildRules = (
			);
			dependencies = (
			);
			name = FoodCompositionTables;
			productName = FoodCompositRealmSample;
			productReference = 8A5D0675279F4876002D2276 /* FoodCompositionTables.app */;
			productType = "com.apple.product-type.application";
		};
/* End PBXNativeTarget section */

/* Begin PBXProject section */
		8A5D066D279F4876002D2276 /* Project object */ = {
			isa = PBXProject;
			attributes = {
				LastSwiftUpdateCheck = 1320;
				LastUpgradeCheck = 1240;
				TargetAttributes = {
					18B6047D280CEBD900DA4A79 = {
						CreatedOnToolsVersion = 13.2.1;
						TestTargetID = 8A5D0674279F4876002D2276;
					};
					8A5D0674279F4876002D2276 = {
						CreatedOnToolsVersion = 12.4;
					};
				};
			};
			buildConfigurationList = 8A5D0670279F4876002D2276 /* Build configuration list for PBXProject "FoodCompositionTables" */;
			compatibilityVersion = "Xcode 9.3";
			developmentRegion = en;
			hasScannedForEncodings = 0;
			knownRegions = (
				en,
				Base,
			);
			mainGroup = 8A5D066C279F4876002D2276;
			productRefGroup = 8A5D0676279F4876002D2276 /* Products */;
			projectDirPath = "";
			projectRoot = "";
			targets = (
				8A5D0674279F4876002D2276 /* FoodCompositionTables */,
				18B6047D280CEBD900DA4A79 /* FoodCompositionTablesTests */,
			);
		};
/* End PBXProject section */

/* Begin PBXResourcesBuildPhase section */
		18B6047C280CEBD900DA4A79 /* Resources */ = {
			isa = PBXResourcesBuildPhase;
			buildActionMask = 2147483647;
			files = (
			);
			runOnlyForDeploymentPostprocessing = 0;
		};
		8A5D0673279F4876002D2276 /* Resources */ = {
			isa = PBXResourcesBuildPhase;
			buildActionMask = 2147483647;
			files = (
				8A5D0685279F4881002D2276 /* LaunchScreen.storyboard in Resources */,
				1889C360281368D700BEFD6D /* ResultViewController.xib in Resources */,
				8A5D0682279F4881002D2276 /* Assets.xcassets in Resources */,
				18B1FE6D27CC9E61001124FF /* initial.realm in Resources */,
				184788E327DB4DC500E406F0 /* CustomTableViewCell.xib in Resources */,
				8A5D0680279F4876002D2276 /* Main.storyboard in Resources */,
			);
			runOnlyForDeploymentPostprocessing = 0;
		};
/* End PBXResourcesBuildPhase section */

/* Begin PBXShellScriptBuildPhase section */
		97C1E5A3D415A25531ED4403 /* [CP] Check Pods Manifest.lock */ = {
			isa = PBXShellScriptBuildPhase;
			buildActionMask = 2147483647;
			files = (
			);
			inputFileListPaths = (
			);
			inputPaths = (
				"${PODS_PODFILE_DIR_PATH}/Podfile.lock",
				"${PODS_ROOT}/Manifest.lock",
			);
			name = "[CP] Check Pods Manifest.lock";
			outputFileListPaths = (
			);
			outputPaths = (
				"$(DERIVED_FILE_DIR)/Pods-FoodCompositionTables-checkManifestLockResult.txt",
			);
			runOnlyForDeploymentPostprocessing = 0;
			shellPath = /bin/sh;
			shellScript = "diff \"${PODS_PODFILE_DIR_PATH}/Podfile.lock\" \"${PODS_ROOT}/Manifest.lock\" > /dev/null\nif [ $? != 0 ] ; then\n    # print error to STDERR\n    echo \"error: The sandbox is not in sync with the Podfile.lock. Run 'pod install' or update your CocoaPods installation.\" >&2\n    exit 1\nfi\n# This output is used by Xcode 'outputs' to avoid re-running this script phase.\necho \"SUCCESS\" > \"${SCRIPT_OUTPUT_FILE_0}\"\n";
			showEnvVarsInLog = 0;
		};
		B66FBD3BC85F78BAE100A3A8 /* [CP] Embed Pods Frameworks */ = {
			isa = PBXShellScriptBuildPhase;
			buildActionMask = 2147483647;
			files = (
			);
			inputFileListPaths = (
				"${PODS_ROOT}/Target Support Files/Pods-FoodCompositionTables/Pods-FoodCompositionTables-frameworks-${CONFIGURATION}-input-files.xcfilelist",
			);
			name = "[CP] Embed Pods Frameworks";
			outputFileListPaths = (
				"${PODS_ROOT}/Target Support Files/Pods-FoodCompositionTables/Pods-FoodCompositionTables-frameworks-${CONFIGURATION}-output-files.xcfilelist",
			);
			runOnlyForDeploymentPostprocessing = 0;
			shellPath = /bin/sh;
			shellScript = "\"${PODS_ROOT}/Target Support Files/Pods-FoodCompositionTables/Pods-FoodCompositionTables-frameworks.sh\"\n";
			showEnvVarsInLog = 0;
		};
/* End PBXShellScriptBuildPhase section */

/* Begin PBXSourcesBuildPhase section */
		18B6047A280CEBD900DA4A79 /* Sources */ = {
			isa = PBXSourcesBuildPhase;
			buildActionMask = 2147483647;
			files = (
				18B60481280CEBD900DA4A79 /* FoodCompositionTablesTests.swift in Sources */,
			);
			runOnlyForDeploymentPostprocessing = 0;
		};
		8A5D0671279F4876002D2276 /* Sources */ = {
			isa = PBXSourcesBuildPhase;
			buildActionMask = 2147483647;
			files = (
				8A5D067D279F4876002D2276 /* FoodListViewController.swift in Sources */,
				1889C31A280F6D9A00BEFD6D /* FoodCompositionTableUseCase.swift in Sources */,
				18C04A1327FDE88800164DD8 /* SelectFoodsTableUseCase.swift in Sources */,
				18B389F627C91687009AAB65 /* MainViewController.swift in Sources */,
				1889C31D280FFED900BEFD6D /* SelectFoodObject.swift in Sources */,
				1889C35F281368D700BEFD6D /* ResultViewController.swift in Sources */,
				18C04A1D2801C5ED00164DD8 /* FoodCompositionViewController.swift in Sources */,
				18C04A1F2801C76B00164DD8 /* FoodObject.swift in Sources */,
				18B60488280CECC400DA4A79 /* Test.swift in Sources */,
				184788E227DB4DC500E406F0 /* CustomTableViewCell.swift in Sources */,
				8A5D0679279F4876002D2276 /* AppDelegate.swift in Sources */,
				182596B927D8B12A00DFCD2A /* FoodTableRepositoryImpr.swift in Sources */,
				8A5D067B279F4876002D2276 /* SceneDelegate.swift in Sources */,
				18B1FE6E27CC9E61001124FF /* FoodTableModel.swift in Sources */,
			);
			runOnlyForDeploymentPostprocessing = 0;
		};
/* End PBXSourcesBuildPhase section */

/* Begin PBXTargetDependency section */
		18B60483280CEBD900DA4A79 /* PBXTargetDependency */ = {
			isa = PBXTargetDependency;
			target = 8A5D0674279F4876002D2276 /* FoodCompositionTables */;
			targetProxy = 18B60482280CEBD900DA4A79 /* PBXContainerItemProxy */;
		};
/* End PBXTargetDependency section */

/* Begin PBXVariantGroup section */
		8A5D067E279F4876002D2276 /* Main.storyboard */ = {
			isa = PBXVariantGroup;
			children = (
				8A5D067F279F4876002D2276 /* Base */,
			);
			name = Main.storyboard;
			sourceTree = "<group>";
		};
		8A5D0683279F4881002D2276 /* LaunchScreen.storyboard */ = {
			isa = PBXVariantGroup;
			children = (
				8A5D0684279F4881002D2276 /* Base */,
			);
			name = LaunchScreen.storyboard;
			sourceTree = "<group>";
		};
/* End PBXVariantGroup section */

/* Begin XCBuildConfiguration section */
		18B60484280CEBD900DA4A79 /* Debug */ = {
			isa = XCBuildConfiguration;
			buildSettings = {
				BUNDLE_LOADER = "$(TEST_HOST)";
				CLANG_CXX_LANGUAGE_STANDARD = "gnu++17";
				CODE_SIGN_STYLE = Automatic;
				CURRENT_PROJECT_VERSION = 1;
				GENERATE_INFOPLIST_FILE = YES;
				IPHONEOS_DEPLOYMENT_TARGET = 15.2;
				MARKETING_VERSION = 1.0;
				PRODUCT_BUNDLE_IDENTIFIER = toaster.FoodCompositionTablesTests;
				PRODUCT_NAME = "$(TARGET_NAME)";
				SWIFT_EMIT_LOC_STRINGS = NO;
				SWIFT_VERSION = 5.0;
				TARGETED_DEVICE_FAMILY = "1,2";
				TEST_HOST = "$(BUILT_PRODUCTS_DIR)/FoodCompositionTables.app/FoodCompositionTables";
			};
			name = Debug;
		};
		18B60485280CEBD900DA4A79 /* Release */ = {
			isa = XCBuildConfiguration;
			buildSettings = {
				BUNDLE_LOADER = "$(TEST_HOST)";
				CLANG_CXX_LANGUAGE_STANDARD = "gnu++17";
				CODE_SIGN_STYLE = Automatic;
				CURRENT_PROJECT_VERSION = 1;
				GENERATE_INFOPLIST_FILE = YES;
				IPHONEOS_DEPLOYMENT_TARGET = 15.2;
				MARKETING_VERSION = 1.0;
				PRODUCT_BUNDLE_IDENTIFIER = toaster.FoodCompositionTablesTests;
				PRODUCT_NAME = "$(TARGET_NAME)";
				SWIFT_EMIT_LOC_STRINGS = NO;
				SWIFT_VERSION = 5.0;
				TARGETED_DEVICE_FAMILY = "1,2";
				TEST_HOST = "$(BUILT_PRODUCTS_DIR)/FoodCompositionTables.app/FoodCompositionTables";
			};
			name = Release;
		};
		8A5D0687279F4881002D2276 /* Debug */ = {
			isa = XCBuildConfiguration;
			buildSettings = {
				ALWAYS_SEARCH_USER_PATHS = NO;
				CLANG_ANALYZER_NONNULL = YES;
				CLANG_ANALYZER_NUMBER_OBJECT_CONVERSION = YES_AGGRESSIVE;
				CLANG_CXX_LANGUAGE_STANDARD = "gnu++14";
				CLANG_CXX_LIBRARY = "libc++";
				CLANG_ENABLE_MODULES = YES;
				CLANG_ENABLE_OBJC_ARC = YES;
				CLANG_ENABLE_OBJC_WEAK = YES;
				CLANG_WARN_BLOCK_CAPTURE_AUTORELEASING = YES;
				CLANG_WARN_BOOL_CONVERSION = YES;
				CLANG_WARN_COMMA = YES;
				CLANG_WARN_CONSTANT_CONVERSION = YES;
				CLANG_WARN_DEPRECATED_OBJC_IMPLEMENTATIONS = YES;
				CLANG_WARN_DIRECT_OBJC_ISA_USAGE = YES_ERROR;
				CLANG_WARN_DOCUMENTATION_COMMENTS = YES;
				CLANG_WARN_EMPTY_BODY = YES;
				CLANG_WARN_ENUM_CONVERSION = YES;
				CLANG_WARN_INFINITE_RECURSION = YES;
				CLANG_WARN_INT_CONVERSION = YES;
				CLANG_WARN_NON_LITERAL_NULL_CONVERSION = YES;
				CLANG_WARN_OBJC_IMPLICIT_RETAIN_SELF = YES;
				CLANG_WARN_OBJC_LITERAL_CONVERSION = YES;
				CLANG_WARN_OBJC_ROOT_CLASS = YES_ERROR;
				CLANG_WARN_QUOTED_INCLUDE_IN_FRAMEWORK_HEADER = YES;
				CLANG_WARN_RANGE_LOOP_ANALYSIS = YES;
				CLANG_WARN_STRICT_PROTOTYPES = YES;
				CLANG_WARN_SUSPICIOUS_MOVE = YES;
				CLANG_WARN_UNGUARDED_AVAILABILITY = YES_AGGRESSIVE;
				CLANG_WARN_UNREACHABLE_CODE = YES;
				CLANG_WARN__DUPLICATE_METHOD_MATCH = YES;
				COPY_PHASE_STRIP = NO;
				DEBUG_INFORMATION_FORMAT = dwarf;
				ENABLE_STRICT_OBJC_MSGSEND = YES;
				ENABLE_TESTABILITY = YES;
				GCC_C_LANGUAGE_STANDARD = gnu11;
				GCC_DYNAMIC_NO_PIC = NO;
				GCC_NO_COMMON_BLOCKS = YES;
				GCC_OPTIMIZATION_LEVEL = 0;
				GCC_PREPROCESSOR_DEFINITIONS = (
					"DEBUG=1",
					"$(inherited)",
				);
				GCC_WARN_64_TO_32_BIT_CONVERSION = YES;
				GCC_WARN_ABOUT_RETURN_TYPE = YES_ERROR;
				GCC_WARN_UNDECLARED_SELECTOR = YES;
				GCC_WARN_UNINITIALIZED_AUTOS = YES_AGGRESSIVE;
				GCC_WARN_UNUSED_FUNCTION = YES;
				GCC_WARN_UNUSED_VARIABLE = YES;
				IPHONEOS_DEPLOYMENT_TARGET = 14.4;
				MTL_ENABLE_DEBUG_INFO = INCLUDE_SOURCE;
				MTL_FAST_MATH = YES;
				ONLY_ACTIVE_ARCH = YES;
				SDKROOT = iphoneos;
				SWIFT_ACTIVE_COMPILATION_CONDITIONS = DEBUG;
				SWIFT_OPTIMIZATION_LEVEL = "-Onone";
			};
			name = Debug;
		};
		8A5D0688279F4881002D2276 /* Release */ = {
			isa = XCBuildConfiguration;
			buildSettings = {
				ALWAYS_SEARCH_USER_PATHS = NO;
				CLANG_ANALYZER_NONNULL = YES;
				CLANG_ANALYZER_NUMBER_OBJECT_CONVERSION = YES_AGGRESSIVE;
				CLANG_CXX_LANGUAGE_STANDARD = "gnu++14";
				CLANG_CXX_LIBRARY = "libc++";
				CLANG_ENABLE_MODULES = YES;
				CLANG_ENABLE_OBJC_ARC = YES;
				CLANG_ENABLE_OBJC_WEAK = YES;
				CLANG_WARN_BLOCK_CAPTURE_AUTORELEASING = YES;
				CLANG_WARN_BOOL_CONVERSION = YES;
				CLANG_WARN_COMMA = YES;
				CLANG_WARN_CONSTANT_CONVERSION = YES;
				CLANG_WARN_DEPRECATED_OBJC_IMPLEMENTATIONS = YES;
				CLANG_WARN_DIRECT_OBJC_ISA_USAGE = YES_ERROR;
				CLANG_WARN_DOCUMENTATION_COMMENTS = YES;
				CLANG_WARN_EMPTY_BODY = YES;
				CLANG_WARN_ENUM_CONVERSION = YES;
				CLANG_WARN_INFINITE_RECURSION = YES;
				CLANG_WARN_INT_CONVERSION = YES;
				CLANG_WARN_NON_LITERAL_NULL_CONVERSION = YES;
				CLANG_WARN_OBJC_IMPLICIT_RETAIN_SELF = YES;
				CLANG_WARN_OBJC_LITERAL_CONVERSION = YES;
				CLANG_WARN_OBJC_ROOT_CLASS = YES_ERROR;
				CLANG_WARN_QUOTED_INCLUDE_IN_FRAMEWORK_HEADER = YES;
				CLANG_WARN_RANGE_LOOP_ANALYSIS = YES;
				CLANG_WARN_STRICT_PROTOTYPES = YES;
				CLANG_WARN_SUSPICIOUS_MOVE = YES;
				CLANG_WARN_UNGUARDED_AVAILABILITY = YES_AGGRESSIVE;
				CLANG_WARN_UNREACHABLE_CODE = YES;
				CLANG_WARN__DUPLICATE_METHOD_MATCH = YES;
				COPY_PHASE_STRIP = NO;
				DEBUG_INFORMATION_FORMAT = "dwarf-with-dsym";
				ENABLE_NS_ASSERTIONS = NO;
				ENABLE_STRICT_OBJC_MSGSEND = YES;
				GCC_C_LANGUAGE_STANDARD = gnu11;
				GCC_NO_COMMON_BLOCKS = YES;
				GCC_WARN_64_TO_32_BIT_CONVERSION = YES;
				GCC_WARN_ABOUT_RETURN_TYPE = YES_ERROR;
				GCC_WARN_UNDECLARED_SELECTOR = YES;
				GCC_WARN_UNINITIALIZED_AUTOS = YES_AGGRESSIVE;
				GCC_WARN_UNUSED_FUNCTION = YES;
				GCC_WARN_UNUSED_VARIABLE = YES;
				IPHONEOS_DEPLOYMENT_TARGET = 14.4;
				MTL_ENABLE_DEBUG_INFO = NO;
				MTL_FAST_MATH = YES;
				SDKROOT = iphoneos;
				SWIFT_COMPILATION_MODE = wholemodule;
				SWIFT_OPTIMIZATION_LEVEL = "-O";
				VALIDATE_PRODUCT = YES;
			};
			name = Release;
		};
		8A5D068A279F4881002D2276 /* Debug */ = {
			isa = XCBuildConfiguration;
			baseConfigurationReference = D94B4E24F0D5BFBF33B485BC /* Pods-FoodCompositionTables.debug.xcconfig */;
			buildSettings = {
				ASSETCATALOG_COMPILER_APPICON_NAME = AppIcon;
				ASSETCATALOG_COMPILER_GLOBAL_ACCENT_COLOR_NAME = AccentColor;
				CODE_SIGN_STYLE = Automatic;
				INFOPLIST_FILE = FoodCompositRealmSample/Info.plist;
				LD_RUNPATH_SEARCH_PATHS = (
					"$(inherited)",
					"@executable_path/Frameworks",
				);
				PRODUCT_BUNDLE_IDENTIFIER = toaster.FoodCompositTables;
				PRODUCT_NAME = "$(TARGET_NAME)";
				SWIFT_VERSION = 5.0;
				TARGETED_DEVICE_FAMILY = "1,2";
			};
			name = Debug;
		};
		8A5D068B279F4881002D2276 /* Release */ = {
			isa = XCBuildConfiguration;
			baseConfigurationReference = 024238A1577524AC5AFA1B4D /* Pods-FoodCompositionTables.release.xcconfig */;
			buildSettings = {
				ASSETCATALOG_COMPILER_APPICON_NAME = AppIcon;
				ASSETCATALOG_COMPILER_GLOBAL_ACCENT_COLOR_NAME = AccentColor;
				CODE_SIGN_STYLE = Automatic;
				INFOPLIST_FILE = FoodCompositRealmSample/Info.plist;
				LD_RUNPATH_SEARCH_PATHS = (
					"$(inherited)",
					"@executable_path/Frameworks",
				);
				PRODUCT_BUNDLE_IDENTIFIER = toaster.FoodCompositTables;
				PRODUCT_NAME = "$(TARGET_NAME)";
				SWIFT_VERSION = 5.0;
				TARGETED_DEVICE_FAMILY = "1,2";
			};
			name = Release;
		};
/* End XCBuildConfiguration section */

/* Begin XCConfigurationList section */
		18B60486280CEBD900DA4A79 /* Build configuration list for PBXNativeTarget "FoodCompositionTablesTests" */ = {
			isa = XCConfigurationList;
			buildConfigurations = (
				18B60484280CEBD900DA4A79 /* Debug */,
				18B60485280CEBD900DA4A79 /* Release */,
			);
			defaultConfigurationIsVisible = 0;
			defaultConfigurationName = Release;
		};
		8A5D0670279F4876002D2276 /* Build configuration list for PBXProject "FoodCompositionTables" */ = {
			isa = XCConfigurationList;
			buildConfigurations = (
				8A5D0687279F4881002D2276 /* Debug */,
				8A5D0688279F4881002D2276 /* Release */,
			);
			defaultConfigurationIsVisible = 0;
			defaultConfigurationName = Release;
		};
		8A5D0689279F4881002D2276 /* Build configuration list for PBXNativeTarget "FoodCompositionTables" */ = {
			isa = XCConfigurationList;
			buildConfigurations = (
				8A5D068A279F4881002D2276 /* Debug */,
				8A5D068B279F4881002D2276 /* Release */,
			);
			defaultConfigurationIsVisible = 0;
			defaultConfigurationName = Release;
		};
/* End XCConfigurationList section */
	};
	rootObject = 8A5D066D279F4876002D2276 /* Project object */;
}
